
Microsoft Visual Studio Solution File, Format Version 12.00
# Visual Studio Version 17
VisualStudioVersion = 17.6.33712.159
MinimumVisualStudioVersion = 10.0.40219.1
Project("{9A19103F-16F7-4668-BE54-9A1E7A4F7556}") = "XValid", "XValid\XValid.csproj", "{5F27EEE3-69CD-41ED-8C1D-C9BEF0544733}"
EndProject
Project("{FAE04EC0-301F-11D3-BF4B-00C04F79EFBC}") = "XValid.Test", "XValid.Test\XValid.Test.csproj", "{8186BEDA-B6D8-4628-A7E7-25B351A7F165}"
EndProject
Global
	GlobalSection(SolutionConfigurationPlatforms) = preSolution
		Debug|Any CPU = Debug|Any CPU
		Release|Any CPU = Release|Any CPU
	EndGlobalSection
	GlobalSection(ProjectConfigurationPlatforms) = postSolution
		{5F27EEE3-69CD-41ED-8C1D-C9BEF0544733}.Debug|Any CPU.ActiveCfg = Debug|Any CPU
		{5F27EEE3-69CD-41ED-8C1D-C9BEF0544733}.Debug|Any CPU.Build.0 = Debug|Any CPU
		{5F27EEE3-69CD-41ED-8C1D-C9BEF0544733}.Release|Any CPU.ActiveCfg = Release|Any CPU
		{5F27EEE3-69CD-41ED-8C1D-C9BEF0544733}.Release|Any CPU.Build.0 = Release|Any CPU
		{8186BEDA-B6D8-4628-A7E7-25B351A7F165}.Debug|Any CPU.ActiveCfg = Debug|Any CPU
		{8186BEDA-B6D8-4628-A7E7-25B351A7F165}.Debug|Any CPU.Build.0 = Debug|Any CPU
		{8186BEDA-B6D8-4628-A7E7-25B351A7F165}.Release|Any CPU.ActiveCfg = Release|Any CPU
		{8186BEDA-B6D8-4628-A7E7-25B351A7F165}.Release|Any CPU.Build.0 = Release|Any CPU
	EndGlobalSection
	GlobalSection(SolutionProperties) = preSolution
		HideSolutionNode = FALSE
	EndGlobalSection
	GlobalSection(ExtensibilityGlobals) = postSolution
		SolutionGuid = {332839F7-AF39-4348-9343-E623F4A09B06}
	EndGlobalSection
EndGlobal
